
Microsoft Visual Studio Solution File, Format Version 12.00
# Visual Studio 15
VisualStudioVersion = 15.0.26124.0
MinimumVisualStudioVersion = 15.0.26124.0
Project("{2150E333-8FDC-42A3-9474-1A3956D46DE8}") = "src", "src", "{BC1895F5-41A0-4384-9DC8-60003EC17337}"
EndProject
Project("{FAE04EC0-301F-11D3-BF4B-00C04F79EFBC}") = "PatreonService", "src\PatreonService\PatreonService.csproj", "{78069AC5-3AFC-43E9-99AE-B50C98E00ABB}"
EndProject
Project("{2150E333-8FDC-42A3-9474-1A3956D46DE8}") = "Solution files", "Solution files", "{161D9B3F-D0A1-435D-9E7F-3FF33B1E6462}"
ProjectSection(SolutionItems) = preProject
	.gitignore = .gitignore
	LICENSE = LICENSE
EndProjectSection
EndProject
Project("{2150E333-8FDC-42A3-9474-1A3956D46DE8}") = ".github", ".github", "{4083EE7D-49D8-4CAC-B1E0-788178A0DCEF}"
ProjectSection(SolutionItems) = preProject
	.github\dependabot.yml = .github\dependabot.yml
EndProjectSection
EndProject
Project("{2150E333-8FDC-42A3-9474-1A3956D46DE8}") = "workflows", "workflows", "{9DF36235-5233-48E7-9AE1-F85AEBDA1C80}"
ProjectSection(SolutionItems) = preProject
	.github\workflows\deploy.yml = .github\workflows\deploy.yml
	.github\workflows\main.yml = .github\workflows\main.yml
EndProjectSection
EndProject
Global
	GlobalSection(SolutionConfigurationPlatforms) = preSolution
		Debug|Any CPU = Debug|Any CPU
		Debug|x64 = Debug|x64
		Debug|x86 = Debug|x86
		Release|Any CPU = Release|Any CPU
		Release|x64 = Release|x64
		Release|x86 = Release|x86
	EndGlobalSection
	GlobalSection(SolutionProperties) = preSolution
		HideSolutionNode = FALSE
	EndGlobalSection
	GlobalSection(ProjectConfigurationPlatforms) = postSolution
		{78069AC5-3AFC-43E9-99AE-B50C98E00ABB}.Debug|Any CPU.ActiveCfg = Debug|Any CPU
		{78069AC5-3AFC-43E9-99AE-B50C98E00ABB}.Debug|Any CPU.Build.0 = Debug|Any CPU
		{78069AC5-3AFC-43E9-99AE-B50C98E00ABB}.Debug|x64.ActiveCfg = Debug|Any CPU
		{78069AC5-3AFC-43E9-99AE-B50C98E00ABB}.Debug|x64.Build.0 = Debug|Any CPU
		{78069AC5-3AFC-43E9-99AE-B50C98E00ABB}.Debug|x86.ActiveCfg = Debug|Any CPU
		{78069AC5-3AFC-43E9-99AE-B50C98E00ABB}.Debug|x86.Build.0 = Debug|Any CPU
		{78069AC5-3AFC-43E9-99AE-B50C98E00ABB}.Release|Any CPU.ActiveCfg = Release|Any CPU
		{78069AC5-3AFC-43E9-99AE-B50C98E00ABB}.Release|Any CPU.Build.0 = Release|Any CPU
		{78069AC5-3AFC-43E9-99AE-B50C98E00ABB}.Release|x64.ActiveCfg = Release|Any CPU
		{78069AC5-3AFC-43E9-99AE-B50C98E00ABB}.Release|x64.Build.0 = Release|Any CPU
		{78069AC5-3AFC-43E9-99AE-B50C98E00ABB}.Release|x86.ActiveCfg = Release|Any CPU
		{78069AC5-3AFC-43E9-99AE-B50C98E00ABB}.Release|x86.Build.0 = Release|Any CPU
	EndGlobalSection
	GlobalSection(NestedProjects) = preSolution
		{78069AC5-3AFC-43E9-99AE-B50C98E00ABB} = {BC1895F5-41A0-4384-9DC8-60003EC17337}
		{9DF36235-5233-48E7-9AE1-F85AEBDA1C80} = {4083EE7D-49D8-4CAC-B1E0-788178A0DCEF}
	EndGlobalSection
EndGlobal
